
Microsoft Visual Studio Solution File, Format Version 12.00
Project("{FAE04EC0-301F-11D3-BF4B-00C04F79EFBC}") = "TelegramBot", "TelegramBot\TelegramBot.csproj", "{98409754-7C5A-44FE-A212-E440CF7EEC31}"
EndProject
Project("{FAE04EC0-301F-11D3-BF4B-00C04F79EFBC}") = "Services", "Services\Services.csproj", "{FECE2932-C0D0-4B2C-8B9F-C55597453001}"
EndProject
Project("{FAE04EC0-301F-11D3-BF4B-00C04F79EFBC}") = "Services.Contracts", "Services.Contracts\Services.Contracts.csproj", "{C512916A-FF4E-436D-95B3-7CFCF721151A}"
EndProject
Project("{FAE04EC0-301F-11D3-BF4B-00C04F79EFBC}") = "Entities", "Entities\Entities.csproj", "{AD7E73CD-4506-4748-83EC-BF68569514E9}"
EndProject
Project("{FAE04EC0-301F-11D3-BF4B-00C04F79EFBC}") = "Context", "Context\Context.csproj", "{823CE536-B4F8-4646-8922-47F10289CA7C}"
EndProject
Project("{FAE04EC0-301F-11D3-BF4B-00C04F79EFBC}") = "TelegramBot.Contracts", "TelegramBot.Contracts\TelegramBot.Contracts.csproj", "{67934F2D-2388-4F82-9D00-0D92B5BAFE76}"
EndProject
Project("{FAE04EC0-301F-11D3-BF4B-00C04F79EFBC}") = "Common", "Common\Common.csproj", "{040C1395-4EB9-4328-9D48-87546F4617E7}"
EndProject
Project("{FAE04EC0-301F-11D3-BF4B-00C04F79EFBC}") = "FormattingResources", "FormattingResources\FormattingResources.csproj", "{8617C847-0053-4807-AC20-135EB8D5DD97}"
EndProject
Project("{FAE04EC0-301F-11D3-BF4B-00C04F79EFBC}") = "Services.Tests", "Services.Tests\Services.Tests.csproj", "{F43ABD65-CB03-4969-9AD7-952E8E945CBC}"
EndProject
Project("{2150E333-8FDC-42A3-9474-1A3956D46DE8}") = "BLL", "BLL", "{7E484EF4-0AF6-41F3-B2FD-6E018A4958B7}"
EndProject
Project("{2150E333-8FDC-42A3-9474-1A3956D46DE8}") = "DAL", "DAL", "{01944009-DF0E-4F4F-9E30-B0358F3F332E}"
EndProject
Project("{2150E333-8FDC-42A3-9474-1A3956D46DE8}") = "PL", "PL", "{7AD8B175-1CC2-40A7-928E-2EFB79770A15}"
EndProject
Global
	GlobalSection(SolutionConfigurationPlatforms) = preSolution
		Debug|Any CPU = Debug|Any CPU
		Release|Any CPU = Release|Any CPU
	EndGlobalSection
	GlobalSection(ProjectConfigurationPlatforms) = postSolution
		{98409754-7C5A-44FE-A212-E440CF7EEC31}.Debug|Any CPU.ActiveCfg = Debug|Any CPU
		{98409754-7C5A-44FE-A212-E440CF7EEC31}.Debug|Any CPU.Build.0 = Debug|Any CPU
		{98409754-7C5A-44FE-A212-E440CF7EEC31}.Release|Any CPU.ActiveCfg = Release|Any CPU
		{98409754-7C5A-44FE-A212-E440CF7EEC31}.Release|Any CPU.Build.0 = Release|Any CPU
		{FECE2932-C0D0-4B2C-8B9F-C55597453001}.Debug|Any CPU.ActiveCfg = Debug|Any CPU
		{FECE2932-C0D0-4B2C-8B9F-C55597453001}.Debug|Any CPU.Build.0 = Debug|Any CPU
		{FECE2932-C0D0-4B2C-8B9F-C55597453001}.Release|Any CPU.ActiveCfg = Release|Any CPU
		{FECE2932-C0D0-4B2C-8B9F-C55597453001}.Release|Any CPU.Build.0 = Release|Any CPU
		{C512916A-FF4E-436D-95B3-7CFCF721151A}.Debug|Any CPU.ActiveCfg = Debug|Any CPU
		{C512916A-FF4E-436D-95B3-7CFCF721151A}.Debug|Any CPU.Build.0 = Debug|Any CPU
		{C512916A-FF4E-436D-95B3-7CFCF721151A}.Release|Any CPU.ActiveCfg = Release|Any CPU
		{C512916A-FF4E-436D-95B3-7CFCF721151A}.Release|Any CPU.Build.0 = Release|Any CPU
		{AD7E73CD-4506-4748-83EC-BF68569514E9}.Debug|Any CPU.ActiveCfg = Debug|Any CPU
		{AD7E73CD-4506-4748-83EC-BF68569514E9}.Debug|Any CPU.Build.0 = Debug|Any CPU
		{AD7E73CD-4506-4748-83EC-BF68569514E9}.Release|Any CPU.ActiveCfg = Release|Any CPU
		{AD7E73CD-4506-4748-83EC-BF68569514E9}.Release|Any CPU.Build.0 = Release|Any CPU
		{823CE536-B4F8-4646-8922-47F10289CA7C}.Debug|Any CPU.ActiveCfg = Debug|Any CPU
		{823CE536-B4F8-4646-8922-47F10289CA7C}.Debug|Any CPU.Build.0 = Debug|Any CPU
		{823CE536-B4F8-4646-8922-47F10289CA7C}.Release|Any CPU.ActiveCfg = Release|Any CPU
		{823CE536-B4F8-4646-8922-47F10289CA7C}.Release|Any CPU.Build.0 = Release|Any CPU
		{67934F2D-2388-4F82-9D00-0D92B5BAFE76}.Debug|Any CPU.ActiveCfg = Debug|Any CPU
		{67934F2D-2388-4F82-9D00-0D92B5BAFE76}.Debug|Any CPU.Build.0 = Debug|Any CPU
		{67934F2D-2388-4F82-9D00-0D92B5BAFE76}.Release|Any CPU.ActiveCfg = Release|Any CPU
		{67934F2D-2388-4F82-9D00-0D92B5BAFE76}.Release|Any CPU.Build.0 = Release|Any CPU
		{040C1395-4EB9-4328-9D48-87546F4617E7}.Debug|Any CPU.ActiveCfg = Debug|Any CPU
		{040C1395-4EB9-4328-9D48-87546F4617E7}.Debug|Any CPU.Build.0 = Debug|Any CPU
		{040C1395-4EB9-4328-9D48-87546F4617E7}.Release|Any CPU.ActiveCfg = Release|Any CPU
		{040C1395-4EB9-4328-9D48-87546F4617E7}.Release|Any CPU.Build.0 = Release|Any CPU
		{8617C847-0053-4807-AC20-135EB8D5DD97}.Debug|Any CPU.ActiveCfg = Debug|Any CPU
		{8617C847-0053-4807-AC20-135EB8D5DD97}.Debug|Any CPU.Build.0 = Debug|Any CPU
		{8617C847-0053-4807-AC20-135EB8D5DD97}.Release|Any CPU.ActiveCfg = Release|Any CPU
		{8617C847-0053-4807-AC20-135EB8D5DD97}.Release|Any CPU.Build.0 = Release|Any CPU
		{F43ABD65-CB03-4969-9AD7-952E8E945CBC}.Debug|Any CPU.ActiveCfg = Debug|Any CPU
		{F43ABD65-CB03-4969-9AD7-952E8E945CBC}.Debug|Any CPU.Build.0 = Debug|Any CPU
		{F43ABD65-CB03-4969-9AD7-952E8E945CBC}.Release|Any CPU.ActiveCfg = Release|Any CPU
		{F43ABD65-CB03-4969-9AD7-952E8E945CBC}.Release|Any CPU.Build.0 = Release|Any CPU
	EndGlobalSection
	GlobalSection(NestedProjects) = preSolution
		{823CE536-B4F8-4646-8922-47F10289CA7C} = {01944009-DF0E-4F4F-9E30-B0358F3F332E}
		{AD7E73CD-4506-4748-83EC-BF68569514E9} = {01944009-DF0E-4F4F-9E30-B0358F3F332E}
		{FECE2932-C0D0-4B2C-8B9F-C55597453001} = {7E484EF4-0AF6-41F3-B2FD-6E018A4958B7}
		{C512916A-FF4E-436D-95B3-7CFCF721151A} = {7E484EF4-0AF6-41F3-B2FD-6E018A4958B7}
		{F43ABD65-CB03-4969-9AD7-952E8E945CBC} = {7E484EF4-0AF6-41F3-B2FD-6E018A4958B7}
		{98409754-7C5A-44FE-A212-E440CF7EEC31} = {7AD8B175-1CC2-40A7-928E-2EFB79770A15}
		{67934F2D-2388-4F82-9D00-0D92B5BAFE76} = {7AD8B175-1CC2-40A7-928E-2EFB79770A15}
	EndGlobalSection
EndGlobal
